
Microsoft Visual Studio Solution File, Format Version 12.00
# Visual Studio Version 17
VisualStudioVersion = 17.4.33213.308
MinimumVisualStudioVersion = 10.0.40219.1
Project("{FAE04EC0-301F-11D3-BF4B-00C04F79EFBC}") = "WebApi", "WebApi.csproj", "{68DDA1AB-5534-4364-9BEF-EAAC669C3687}"
EndProject
Global
	GlobalSection(SolutionConfigurationPlatforms) = preSolution
		Debug|Any CPU = Debug|Any CPU
		Release|Any CPU = Release|Any CPU
	EndGlobalSection
	GlobalSection(ProjectConfigurationPlatforms) = postSolution
		{68DDA1AB-5534-4364-9BEF-EAAC669C3687}.Debug|Any CPU.ActiveCfg = Debug|Any CPU
		{68DDA1AB-5534-4364-9BEF-EAAC669C3687}.Debug|Any CPU.Build.0 = Debug|Any CPU
		{68DDA1AB-5534-4364-9BEF-EAAC669C3687}.Release|Any CPU.ActiveCfg = Release|Any CPU
		{68DDA1AB-5534-4364-9BEF-EAAC669C3687}.Release|Any CPU.Build.0 = Release|Any CPU
	EndGlobalSection
	GlobalSection(SolutionProperties) = preSolution
		HideSolutionNode = FALSE
	EndGlobalSection
	GlobalSection(ExtensibilityGlobals) = postSolution
		SolutionGuid = {1737E03A-E40F-46E1-820B-C4F9DFA28119}
	EndGlobalSection
EndGlobal
